// !$*UTF8*$!
{
	archiveVersion = 1;
	classes = {
	};
	objectVersion = 46;
	objects = {

/* Begin PBXBuildFile section */
		A428E9BE1DB38F91008DE27C /* main.m in Sources */ = {isa = PBXBuildFile; fileRef = A428E9BD1DB38F91008DE27C /* main.m */; };
		A428E9C11DB38F91008DE27C /* AppDelegate.m in Sources */ = {isa = PBXBuildFile; fileRef = A428E9C01DB38F91008DE27C /* AppDelegate.m */; };
		A428E9C41DB38F91008DE27C /* ViewController.m in Sources */ = {isa = PBXBuildFile; fileRef = A428E9C31DB38F91008DE27C /* ViewController.m */; };
		A428E9C71DB38F91008DE27C /* Main.storyboard in Resources */ = {isa = PBXBuildFile; fileRef = A428E9C51DB38F91008DE27C /* Main.storyboard */; };
		A428E9C91DB38F91008DE27C /* Assets.xcassets in Resources */ = {isa = PBXBuildFile; fileRef = A428E9C81DB38F91008DE27C /* Assets.xcassets */; };
		A428E9CC1DB38F91008DE27C /* LaunchScreen.storyboard in Resources */ = {isa = PBXBuildFile; fileRef = A428E9CA1DB38F91008DE27C /* LaunchScreen.storyboard */; };
		A428E9D71DB38F91008DE27C /* KDNControlTests.m in Sources */ = {isa = PBXBuildFile; fileRef = A428E9D61DB38F91008DE27C /* KDNControlTests.m */; };
		A428E9E41DB38FCD008DE27C /* QUIckControl.m in Sources */ = {isa = PBXBuildFile; fileRef = A428E9E31DB38FCD008DE27C /* QUIckControl.m */; };
		A428E9E81DB3F70F008DE27C /* PinCodeControl.m in Sources */ = {isa = PBXBuildFile; fileRef = A428E9E71DB3F70F008DE27C /* PinCodeControl.m */; };
/* End PBXBuildFile section */

/* Begin PBXContainerItemProxy section */
		A428E9D31DB38F91008DE27C /* PBXContainerItemProxy */ = {
			isa = PBXContainerItemProxy;
			containerPortal = A428E9B11DB38F90008DE27C /* Project object */;
			proxyType = 1;
			remoteGlobalIDString = A428E9B81DB38F91008DE27C;
			remoteInfo = KDNControl;
		};
/* End PBXContainerItemProxy section */

/* Begin PBXFileReference section */
		A428E9B91DB38F91008DE27C /* KDNControl.app */ = {isa = PBXFileReference; explicitFileType = wrapper.application; includeInIndex = 0; path = KDNControl.app; sourceTree = BUILT_PRODUCTS_DIR; };
		A428E9BD1DB38F91008DE27C /* main.m */ = {isa = PBXFileReference; lastKnownFileType = sourcecode.c.objc; path = main.m; sourceTree = "<group>"; };
		A428E9BF1DB38F91008DE27C /* AppDelegate.h */ = {isa = PBXFileReference; lastKnownFileType = sourcecode.c.h; path = AppDelegate.h; sourceTree = "<group>"; };
		A428E9C01DB38F91008DE27C /* AppDelegate.m */ = {isa = PBXFileReference; lastKnownFileType = sourcecode.c.objc; path = AppDelegate.m; sourceTree = "<group>"; };
		A428E9C21DB38F91008DE27C /* ViewController.h */ = {isa = PBXFileReference; lastKnownFileType = sourcecode.c.h; path = ViewController.h; sourceTree = "<group>"; };
		A428E9C31DB38F91008DE27C /* ViewController.m */ = {isa = PBXFileReference; lastKnownFileType = sourcecode.c.objc; path = ViewController.m; sourceTree = "<group>"; };
		A428E9C61DB38F91008DE27C /* Base */ = {isa = PBXFileReference; lastKnownFileType = file.storyboard; name = Base; path = Base.lproj/Main.storyboard; sourceTree = "<group>"; };
		A428E9C81DB38F91008DE27C /* Assets.xcassets */ = {isa = PBXFileReference; lastKnownFileType = folder.assetcatalog; path = Assets.xcassets; sourceTree = "<group>"; };
		A428E9CB1DB38F91008DE27C /* Base */ = {isa = PBXFileReference; lastKnownFileType = file.storyboard; name = Base; path = Base.lproj/LaunchScreen.storyboard; sourceTree = "<group>"; };
		A428E9CD1DB38F91008DE27C /* Info.plist */ = {isa = PBXFileReference; lastKnownFileType = text.plist.xml; path = Info.plist; sourceTree = "<group>"; };
		A428E9D21DB38F91008DE27C /* KDNControlTests.xctest */ = {isa = PBXFileReference; explicitFileType = wrapper.cfbundle; includeInIndex = 0; path = KDNControlTests.xctest; sourceTree = BUILT_PRODUCTS_DIR; };
		A428E9D61DB38F91008DE27C /* KDNControlTests.m */ = {isa = PBXFileReference; lastKnownFileType = sourcecode.c.objc; path = KDNControlTests.m; sourceTree = "<group>"; };
		A428E9D81DB38F91008DE27C /* Info.plist */ = {isa = PBXFileReference; lastKnownFileType = text.plist.xml; path = Info.plist; sourceTree = "<group>"; };
		A428E9E21DB38FCD008DE27C /* QUIckControl.h */ = {isa = PBXFileReference; fileEncoding = 4; lastKnownFileType = sourcecode.c.h; path = QUIckControl.h; sourceTree = "<group>"; };
		A428E9E31DB38FCD008DE27C /* QUIckControl.m */ = {isa = PBXFileReference; fileEncoding = 4; lastKnownFileType = sourcecode.c.objc; path = QUIckControl.m; sourceTree = "<group>"; };
		A428E9E61DB3F70F008DE27C /* PinCodeControl.h */ = {isa = PBXFileReference; fileEncoding = 4; lastKnownFileType = sourcecode.c.h; name = PinCodeControl.h; path = PincodeControl/PinCodeControl.h; sourceTree = "<group>"; };
		A428E9E71DB3F70F008DE27C /* PinCodeControl.m */ = {isa = PBXFileReference; fileEncoding = 4; lastKnownFileType = sourcecode.c.objc; name = PinCodeControl.m; path = PincodeControl/PinCodeControl.m; sourceTree = "<group>"; };
/* End PBXFileReference section */

/* Begin PBXFrameworksBuildPhase section */
		A428E9B61DB38F91008DE27C /* Frameworks */ = {
			isa = PBXFrameworksBuildPhase;
			buildActionMask = 2147483647;
			files = (
			);
			runOnlyForDeploymentPostprocessing = 0;
		};
		A428E9CF1DB38F91008DE27C /* Frameworks */ = {
			isa = PBXFrameworksBuildPhase;
			buildActionMask = 2147483647;
			files = (
			);
			runOnlyForDeploymentPostprocessing = 0;
		};
/* End PBXFrameworksBuildPhase section */

/* Begin PBXGroup section */
		A428E9B01DB38F90008DE27C = {
			isa = PBXGroup;
			children = (
				A428E9BB1DB38F91008DE27C /* KDNControl */,
				A428E9D51DB38F91008DE27C /* KDNControlTests */,
				A428E9BA1DB38F91008DE27C /* Products */,
			);
			sourceTree = "<group>";
		};
		A428E9BA1DB38F91008DE27C /* Products */ = {
			isa = PBXGroup;
			children = (
				A428E9B91DB38F91008DE27C /* KDNControl.app */,
				A428E9D21DB38F91008DE27C /* KDNControlTests.xctest */,
			);
			name = Products;
			sourceTree = "<group>";
		};
		A428E9BB1DB38F91008DE27C /* KDNControl */ = {
			isa = PBXGroup;
			children = (
				A428E9E51DB3F6B0008DE27C /* PincodeControl */,
				A428E9E11DB38FA9008DE27C /* QUIckControl */,
				A428E9BF1DB38F91008DE27C /* AppDelegate.h */,
				A428E9C01DB38F91008DE27C /* AppDelegate.m */,
				A428E9C21DB38F91008DE27C /* ViewController.h */,
				A428E9C31DB38F91008DE27C /* ViewController.m */,
				A428E9C51DB38F91008DE27C /* Main.storyboard */,
				A428E9C81DB38F91008DE27C /* Assets.xcassets */,
				A428E9CA1DB38F91008DE27C /* LaunchScreen.storyboard */,
				A428E9CD1DB38F91008DE27C /* Info.plist */,
				A428E9BC1DB38F91008DE27C /* Supporting Files */,
			);
			path = KDNControl;
			sourceTree = "<group>";
		};
		A428E9BC1DB38F91008DE27C /* Supporting Files */ = {
			isa = PBXGroup;
			children = (
				A428E9BD1DB38F91008DE27C /* main.m */,
			);
			name = "Supporting Files";
			sourceTree = "<group>";
		};
		A428E9D51DB38F91008DE27C /* KDNControlTests */ = {
			isa = PBXGroup;
			children = (
				A428E9D61DB38F91008DE27C /* KDNControlTests.m */,
				A428E9D81DB38F91008DE27C /* Info.plist */,
			);
			path = KDNControlTests;
			sourceTree = "<group>";
		};
		A428E9E11DB38FA9008DE27C /* QUIckControl */ = {
			isa = PBXGroup;
			children = (
				A428E9E21DB38FCD008DE27C /* QUIckControl.h */,
				A428E9E31DB38FCD008DE27C /* QUIckControl.m */,
			);
			name = QUIckControl;
			sourceTree = "<group>";
		};
		A428E9E51DB3F6B0008DE27C /* PincodeControl */ = {
			isa = PBXGroup;
			children = (
				A428E9E61DB3F70F008DE27C /* PinCodeControl.h */,
				A428E9E71DB3F70F008DE27C /* PinCodeControl.m */,
			);
			name = PincodeControl;
			sourceTree = "<group>";
		};
/* End PBXGroup section */

/* Begin PBXNativeTarget section */
		A428E9B81DB38F91008DE27C /* KDNControl */ = {
			isa = PBXNativeTarget;
			buildConfigurationList = A428E9DB1DB38F91008DE27C /* Build configuration list for PBXNativeTarget "KDNControl" */;
			buildPhases = (
				A428E9B51DB38F91008DE27C /* Sources */,
				A428E9B61DB38F91008DE27C /* Frameworks */,
				A428E9B71DB38F91008DE27C /* Resources */,
			);
			buildRules = (
			);
			dependencies = (
			);
			name = KDNControl;
			productName = KDNControl;
			productReference = A428E9B91DB38F91008DE27C /* KDNControl.app */;
			productType = "com.apple.product-type.application";
		};
		A428E9D11DB38F91008DE27C /* KDNControlTests */ = {
			isa = PBXNativeTarget;
			buildConfigurationList = A428E9DE1DB38F91008DE27C /* Build configuration list for PBXNativeTarget "KDNControlTests" */;
			buildPhases = (
				A428E9CE1DB38F91008DE27C /* Sources */,
				A428E9CF1DB38F91008DE27C /* Frameworks */,
				A428E9D01DB38F91008DE27C /* Resources */,
			);
			buildRules = (
			);
			dependencies = (
				A428E9D41DB38F91008DE27C /* PBXTargetDependency */,
			);
			name = KDNControlTests;
			productName = KDNControlTests;
			productReference = A428E9D21DB38F91008DE27C /* KDNControlTests.xctest */;
			productType = "com.apple.product-type.bundle.unit-test";
		};
/* End PBXNativeTarget section */

/* Begin PBXProject section */
		A428E9B11DB38F90008DE27C /* Project object */ = {
			isa = PBXProject;
			attributes = {
				LastUpgradeCheck = 0730;
				ORGANIZATIONNAME = "Denis Koryttsev";
				TargetAttributes = {
					A428E9B81DB38F91008DE27C = {
						CreatedOnToolsVersion = 7.3.1;
					};
					A428E9D11DB38F91008DE27C = {
						CreatedOnToolsVersion = 7.3.1;
						TestTargetID = A428E9B81DB38F91008DE27C;
					};
				};
			};
			buildConfigurationList = A428E9B41DB38F91008DE27C /* Build configuration list for PBXProject "KDNControl" */;
			compatibilityVersion = "Xcode 3.2";
			developmentRegion = English;
			hasScannedForEncodings = 0;
			knownRegions = (
				en,
				Base,
			);
			mainGroup = A428E9B01DB38F90008DE27C;
			productRefGroup = A428E9BA1DB38F91008DE27C /* Products */;
			projectDirPath = "";
			projectRoot = "";
			targets = (
				A428E9B81DB38F91008DE27C /* KDNControl */,
				A428E9D11DB38F91008DE27C /* KDNControlTests */,
			);
		};
/* End PBXProject section */

/* Begin PBXResourcesBuildPhase section */
		A428E9B71DB38F91008DE27C /* Resources */ = {
			isa = PBXResourcesBuildPhase;
			buildActionMask = 2147483647;
			files = (
				A428E9CC1DB38F91008DE27C /* LaunchScreen.storyboard in Resources */,
				A428E9C91DB38F91008DE27C /* Assets.xcassets in Resources */,
				A428E9C71DB38F91008DE27C /* Main.storyboard in Resources */,
			);
			runOnlyForDeploymentPostprocessing = 0;
		};
		A428E9D01DB38F91008DE27C /* Resources */ = {
			isa = PBXResourcesBuildPhase;
			buildActionMask = 2147483647;
			files = (
			);
			runOnlyForDeploymentPostprocessing = 0;
		};
/* End PBXResourcesBuildPhase section */

/* Begin PBXSourcesBuildPhase section */
		A428E9B51DB38F91008DE27C /* Sources */ = {
			isa = PBXSourcesBuildPhase;
			buildActionMask = 2147483647;
			files = (
				A428E9C41DB38F91008DE27C /* ViewController.m in Sources */,
				A428E9E41DB38FCD008DE27C /* QUIckControl.m in Sources */,
				A428E9C11DB38F91008DE27C /* AppDelegate.m in Sources */,
				A428E9E81DB3F70F008DE27C /* PinCodeControl.m in Sources */,
				A428E9BE1DB38F91008DE27C /* main.m in Sources */,
			);
			runOnlyForDeploymentPostprocessing = 0;
		};
		A428E9CE1DB38F91008DE27C /* Sources */ = {
			isa = PBXSourcesBuildPhase;
			buildActionMask = 2147483647;
			files = (
				A428E9D71DB38F91008DE27C /* KDNControlTests.m in Sources */,
			);
			runOnlyForDeploymentPostprocessing = 0;
		};
/* End PBXSourcesBuildPhase section */

/* Begin PBXTargetDependency section */
		A428E9D41DB38F91008DE27C /* PBXTargetDependency */ = {
			isa = PBXTargetDependency;
			target = A428E9B81DB38F91008DE27C /* KDNControl */;
			targetProxy = A428E9D31DB38F91008DE27C /* PBXContainerItemProxy */;
		};
/* End PBXTargetDependency section */

/* Begin PBXVariantGroup section */
		A428E9C51DB38F91008DE27C /* Main.storyboard */ = {
			isa = PBXVariantGroup;
			children = (
				A428E9C61DB38F91008DE27C /* Base */,
			);
			name = Main.storyboard;
			sourceTree = "<group>";
		};
		A428E9CA1DB38F91008DE27C /* LaunchScreen.storyboard */ = {
			isa = PBXVariantGroup;
			children = (
				A428E9CB1DB38F91008DE27C /* Base */,
			);
			name = LaunchScreen.storyboard;
			sourceTree = "<group>";
		};
/* End PBXVariantGroup section */

/* Begin XCBuildConfiguration section */
		A428E9D91DB38F91008DE27C /* Debug */ = {
			isa = XCBuildConfiguration;
			buildSettings = {
				ALWAYS_SEARCH_USER_PATHS = NO;
				CLANG_ANALYZER_NONNULL = YES;
				CLANG_CXX_LANGUAGE_STANDARD = "gnu++0x";
				CLANG_CXX_LIBRARY = "libc++";
				CLANG_ENABLE_MODULES = YES;
				CLANG_ENABLE_OBJC_ARC = YES;
				CLANG_WARN_BOOL_CONVERSION = YES;
				CLANG_WARN_CONSTANT_CONVERSION = YES;
				CLANG_WARN_DIRECT_OBJC_ISA_USAGE = YES_ERROR;
				CLANG_WARN_EMPTY_BODY = YES;
				CLANG_WARN_ENUM_CONVERSION = YES;
				CLANG_WARN_INT_CONVERSION = YES;
				CLANG_WARN_OBJC_ROOT_CLASS = YES_ERROR;
				CLANG_WARN_UNREACHABLE_CODE = YES;
				CLANG_WARN__DUPLICATE_METHOD_MATCH = YES;
				"CODE_SIGN_IDENTITY[sdk=iphoneos*]" = "iPhone Developer";
				COPY_PHASE_STRIP = NO;
				DEBUG_INFORMATION_FORMAT = dwarf;
				ENABLE_STRICT_OBJC_MSGSEND = YES;
				ENABLE_TESTABILITY = YES;
				GCC_C_LANGUAGE_STANDARD = gnu99;
				GCC_DYNAMIC_NO_PIC = NO;
				GCC_NO_COMMON_BLOCKS = YES;
				GCC_OPTIMIZATION_LEVEL = 0;
				GCC_PREPROCESSOR_DEFINITIONS = (
					"DEBUG=1",
					"$(inherited)",
				);
				GCC_WARN_64_TO_32_BIT_CONVERSION = YES;
				GCC_WARN_ABOUT_RETURN_TYPE = YES_ERROR;
				GCC_WARN_UNDECLARED_SELECTOR = YES;
				GCC_WARN_UNINITIALIZED_AUTOS = YES_AGGRESSIVE;
				GCC_WARN_UNUSED_FUNCTION = YES;
				GCC_WARN_UNUSED_VARIABLE = YES;
				IPHONEOS_DEPLOYMENT_TARGET = 9.3;
				MTL_ENABLE_DEBUG_INFO = YES;
				ONLY_ACTIVE_ARCH = YES;
				SDKROOT = iphoneos;
				TARGETED_DEVICE_FAMILY = "1,2";
			};
			name = Debug;
		};
		A428E9DA1DB38F91008DE27C /* Release */ = {
			isa = XCBuildConfiguration;
			buildSettings = {
				ALWAYS_SEARCH_USER_PATHS = NO;
				CLANG_ANALYZER_NONNULL = YES;
				CLANG_CXX_LANGUAGE_STANDARD = "gnu++0x";
				CLANG_CXX_LIBRARY = "libc++";
				CLANG_ENABLE_MODULES = YES;
				CLANG_ENABLE_OBJC_ARC = YES;
				CLANG_WARN_BOOL_CONVERSION = YES;
				CLANG_WARN_CONSTANT_CONVERSION = YES;
				CLANG_WARN_DIRECT_OBJC_ISA_USAGE = YES_ERROR;
				CLANG_WARN_EMPTY_BODY = YES;
				CLANG_WARN_ENUM_CONVERSION = YES;
				CLANG_WARN_INT_CONVERSION = YES;
				CLANG_WARN_OBJC_ROOT_CLASS = YES_ERROR;
				CLANG_WARN_UNREACHABLE_CODE = YES;
				CLANG_WARN__DUPLICATE_METHOD_MATCH = YES;
				"CODE_SIGN_IDENTITY[sdk=iphoneos*]" = "iPhone Developer";
				COPY_PHASE_STRIP = NO;
				DEBUG_INFORMATION_FORMAT = "dwarf-with-dsym";
				ENABLE_NS_ASSERTIONS = NO;
				ENABLE_STRICT_OBJC_MSGSEND = YES;
				GCC_C_LANGUAGE_STANDARD = gnu99;
				GCC_NO_COMMON_BLOCKS = YES;
				GCC_WARN_64_TO_32_BIT_CONVERSION = YES;
				GCC_WARN_ABOUT_RETURN_TYPE = YES_ERROR;
				GCC_WARN_UNDECLARED_SELECTOR = YES;
				GCC_WARN_UNINITIALIZED_AUTOS = YES_AGGRESSIVE;
				GCC_WARN_UNUSED_FUNCTION = YES;
				GCC_WARN_UNUSED_VARIABLE = YES;
				IPHONEOS_DEPLOYMENT_TARGET = 9.3;
				MTL_ENABLE_DEBUG_INFO = NO;
				SDKROOT = iphoneos;
				TARGETED_DEVICE_FAMILY = "1,2";
				VALIDATE_PRODUCT = YES;
			};
			name = Release;
		};
		A428E9DC1DB38F91008DE27C /* Debug */ = {
			isa = XCBuildConfiguration;
			buildSettings = {
				ASSETCATALOG_COMPILER_APPICON_NAME = AppIcon;
				INFOPLIST_FILE = KDNControl/Info.plist;
				LD_RUNPATH_SEARCH_PATHS = "$(inherited) @executable_path/Frameworks";
				PRODUCT_BUNDLE_IDENTIFIER = koden.KDNControl;
				PRODUCT_NAME = "$(TARGET_NAME)";
			};
			name = Debug;
		};
		A428E9DD1DB38F91008DE27C /* Release */ = {
			isa = XCBuildConfiguration;
			buildSettings = {
				ASSETCATALOG_COMPILER_APPICON_NAME = AppIcon;
				INFOPLIST_FILE = KDNControl/Info.plist;
				LD_RUNPATH_SEARCH_PATHS = "$(inherited) @executable_path/Frameworks";
				PRODUCT_BUNDLE_IDENTIFIER = koden.KDNControl;
				PRODUCT_NAME = "$(TARGET_NAME)";
			};
			name = Release;
		};
		A428E9DF1DB38F91008DE27C /* Debug */ = {
			isa = XCBuildConfiguration;
			buildSettings = {
				BUNDLE_LOADER = "$(TEST_HOST)";
				INFOPLIST_FILE = KDNControlTests/Info.plist;
				LD_RUNPATH_SEARCH_PATHS = "$(inherited) @executable_path/Frameworks @loader_path/Frameworks";
				PRODUCT_BUNDLE_IDENTIFIER = koden.KDNControlTests;
				PRODUCT_NAME = "$(TARGET_NAME)";
				TEST_HOST = "$(BUILT_PRODUCTS_DIR)/KDNControl.app/KDNControl";
			};
			name = Debug;
		};
		A428E9E01DB38F91008DE27C /* Release */ = {
			isa = XCBuildConfiguration;
			buildSettings = {
				BUNDLE_LOADER = "$(TEST_HOST)";
				INFOPLIST_FILE = KDNControlTests/Info.plist;
				LD_RUNPATH_SEARCH_PATHS = "$(inherited) @executable_path/Frameworks @loader_path/Frameworks";
				PRODUCT_BUNDLE_IDENTIFIER = koden.KDNControlTests;
				PRODUCT_NAME = "$(TARGET_NAME)";
				TEST_HOST = "$(BUILT_PRODUCTS_DIR)/KDNControl.app/KDNControl";
			};
			name = Release;
		};
/* End XCBuildConfiguration section */

/* Begin XCConfigurationList section */
		A428E9B41DB38F91008DE27C /* Build configuration list for PBXProject "KDNControl" */ = {
			isa = XCConfigurationList;
			buildConfigurations = (
				A428E9D91DB38F91008DE27C /* Debug */,
				A428E9DA1DB38F91008DE27C /* Release */,
			);
			defaultConfigurationIsVisible = 0;
			defaultConfigurationName = Release;
		};
		A428E9DB1DB38F91008DE27C /* Build configuration list for PBXNativeTarget "KDNControl" */ = {
			isa = XCConfigurationList;
			buildConfigurations = (
				A428E9DC1DB38F91008DE27C /* Debug */,
				A428E9DD1DB38F91008DE27C /* Release */,
			);
			defaultConfigurationIsVisible = 0;
			defaultConfigurationName = Release;
		};
		A428E9DE1DB38F91008DE27C /* Build configuration list for PBXNativeTarget "KDNControlTests" */ = {
			isa = XCConfigurationList;
			buildConfigurations = (
				A428E9DF1DB38F91008DE27C /* Debug */,
				A428E9E01DB38F91008DE27C /* Release */,
			);
			defaultConfigurationIsVisible = 0;
			defaultConfigurationName = Release;
		};
/* End XCConfigurationList section */
	};
	rootObject = A428E9B11DB38F90008DE27C /* Project object */;
}
